Microsoft Visual Studio Solution File, Format Version 12.00
# Visual Studio Version 17
VisualStudioVersion = 17.5.2.0
MinimumVisualStudioVersion = 10.0.40219.1
Project("{FAE04EC0-301F-11D3-BF4B-00C04F79EFBC}") = "retotecnico-cobol", "retotecnico-cobol.csproj", "{100768DF-5ED6-0956-3A5D-92A6E5B8A825}"
EndProject
Global
	GlobalSection(SolutionConfigurationPlatforms) = preSolution
		Debug|Any CPU = Debug|Any CPU
		Release|Any CPU = Release|Any CPU
	EndGlobalSection
	GlobalSection(ProjectConfigurationPlatforms) = postSolution
		{100768DF-5ED6-0956-3A5D-92A6E5B8A825}.Debug|Any CPU.ActiveCfg = Debug|Any CPU
		{100768DF-5ED6-0956-3A5D-92A6E5B8A825}.Debug|Any CPU.Build.0 = Debug|Any CPU
		{100768DF-5ED6-0956-3A5D-92A6E5B8A825}.Release|Any CPU.ActiveCfg = Release|Any CPU
		{100768DF-5ED6-0956-3A5D-92A6E5B8A825}.Release|Any CPU.Build.0 = Release|Any CPU
	EndGlobalSection
	GlobalSection(SolutionProperties) = preSolution
		HideSolutionNode = FALSE
	EndGlobalSection
	GlobalSection(ExtensibilityGlobals) = postSolution
		SolutionGuid = {579BF113-A418-4DAA-8171-1E4E345C8ABB}
	EndGlobalSection
EndGlobal
